
Microsoft Visual Studio Solution File, Format Version 12.00
# Visual Studio Version 17
VisualStudioVersion = 17.7.34003.232
MinimumVisualStudioVersion = 10.0.40219.1
Project("{FAE04EC0-301F-11D3-BF4B-00C04F79EFBC}") = "CalculatorTask", "CalculatorTask\CalculatorTask.csproj", "{AEFBE12E-F80C-4911-80D7-46FD77855219}"
EndProject
Global
	GlobalSection(SolutionConfigurationPlatforms) = preSolution
		Debug|Any CPU = Debug|Any CPU
		Release|Any CPU = Release|Any CPU
	EndGlobalSection
	GlobalSection(ProjectConfigurationPlatforms) = postSolution
		{AEFBE12E-F80C-4911-80D7-46FD77855219}.Debug|Any CPU.ActiveCfg = Debug|Any CPU
		{AEFBE12E-F80C-4911-80D7-46FD77855219}.Debug|Any CPU.Build.0 = Debug|Any CPU
		{AEFBE12E-F80C-4911-80D7-46FD77855219}.Release|Any CPU.ActiveCfg = Release|Any CPU
		{AEFBE12E-F80C-4911-80D7-46FD77855219}.Release|Any CPU.Build.0 = Release|Any CPU
	EndGlobalSection
	GlobalSection(SolutionProperties) = preSolution
		HideSolutionNode = FALSE
	EndGlobalSection
	GlobalSection(ExtensibilityGlobals) = postSolution
		SolutionGuid = {5228467E-8096-40BC-A763-D7F1D7D65A12}
	EndGlobalSection
EndGlobal
